
Microsoft Visual Studio Solution File, Format Version 12.00
# Visual Studio Version 17
VisualStudioVersion = 17.4.32804.182
MinimumVisualStudioVersion = 10.0.40219.1
Project("{FAE04EC0-301F-11D3-BF4B-00C04F79EFBC}") = "Dots", "Dots\Dots.csproj", "{B1762E91-FDA6-4E78-B97F-E7B0B1554C6F}"
EndProject
Global
	GlobalSection(SolutionConfigurationPlatforms) = preSolution
		Debug|Any CPU = Debug|Any CPU
		Release|Any CPU = Release|Any CPU
	EndGlobalSection
	GlobalSection(ProjectConfigurationPlatforms) = postSolution
		{B1762E91-FDA6-4E78-B97F-E7B0B1554C6F}.Debug|Any CPU.ActiveCfg = Debug|Any CPU
		{B1762E91-FDA6-4E78-B97F-E7B0B1554C6F}.Debug|Any CPU.Build.0 = Debug|Any CPU
		{B1762E91-FDA6-4E78-B97F-E7B0B1554C6F}.Release|Any CPU.ActiveCfg = Release|Any CPU
		{B1762E91-FDA6-4E78-B97F-E7B0B1554C6F}.Release|Any CPU.Build.0 = Release|Any CPU
	EndGlobalSection
	GlobalSection(SolutionProperties) = preSolution
		HideSolutionNode = FALSE
	EndGlobalSection
	GlobalSection(ExtensibilityGlobals) = postSolution
		SolutionGuid = {858B58CF-33BB-4C75-80DE-0F412AE79AA3}
	EndGlobalSection
EndGlobal
